
Microsoft Visual Studio Solution File, Format Version 12.00
# Visual Studio Version 17
VisualStudioVersion = 17.0.31903.59
MinimumVisualStudioVersion = 10.0.40219.1
Project("{FAE04EC0-301F-11D3-BF4B-00C04F79EFBC}") = "NaxcivanPOS.Entities", "NaxcivanPOS.Entities\NaxcivanPOS.Entities.csproj", "{523315F3-5504-4BF4-8D83-161310F2B7ED}"
EndProject
Project("{FAE04EC0-301F-11D3-BF4B-00C04F79EFBC}") = "NaxcivanPOS.Data", "NaxcivanPOS.Data\NaxcivanPOS.Data.csproj", "{B99AA9A9-AFFD-4B2C-82C8-0E79E8E7D5FB}"
EndProject
Project("{FAE04EC0-301F-11D3-BF4B-00C04F79EFBC}") = "NaxcivanPOS.Business", "NaxcivanPOS.Business\NaxcivanPOS.Business.csproj", "{FE3D0C13-AE45-44F9-8561-4FF0D3682095}"
EndProject
Project("{FAE04EC0-301F-11D3-BF4B-00C04F79EFBC}") = "NaxcivanPOS.Presentation", "NaxcivanPOS.Presentation\NaxcivanPOS.Presentation.csproj", "{27560EA1-458A-4AC6-8250-44B9E6812CB8}"
EndProject
Global
	GlobalSection(SolutionConfigurationPlatforms) = preSolution
		Debug|Any CPU = Debug|Any CPU
		Release|Any CPU = Release|Any CPU
	EndGlobalSection
	GlobalSection(SolutionProperties) = preSolution
		HideSolutionNode = FALSE
	EndGlobalSection
	GlobalSection(ProjectConfigurationPlatforms) = postSolution
		{523315F3-5504-4BF4-8D83-161310F2B7ED}.Debug|Any CPU.ActiveCfg = Debug|Any CPU
		{523315F3-5504-4BF4-8D83-161310F2B7ED}.Debug|Any CPU.Build.0 = Debug|Any CPU
		{523315F3-5504-4BF4-8D83-161310F2B7ED}.Release|Any CPU.ActiveCfg = Release|Any CPU
		{523315F3-5504-4BF4-8D83-161310F2B7ED}.Release|Any CPU.Build.0 = Release|Any CPU
		{B99AA9A9-AFFD-4B2C-82C8-0E79E8E7D5FB}.Debug|Any CPU.ActiveCfg = Debug|Any CPU
		{B99AA9A9-AFFD-4B2C-82C8-0E79E8E7D5FB}.Debug|Any CPU.Build.0 = Debug|Any CPU
		{B99AA9A9-AFFD-4B2C-82C8-0E79E8E7D5FB}.Release|Any CPU.ActiveCfg = Release|Any CPU
		{B99AA9A9-AFFD-4B2C-82C8-0E79E8E7D5FB}.Release|Any CPU.Build.0 = Release|Any CPU
		{FE3D0C13-AE45-44F9-8561-4FF0D3682095}.Debug|Any CPU.ActiveCfg = Debug|Any CPU
		{FE3D0C13-AE45-44F9-8561-4FF0D3682095}.Debug|Any CPU.Build.0 = Debug|Any CPU
		{FE3D0C13-AE45-44F9-8561-4FF0D3682095}.Release|Any CPU.ActiveCfg = Release|Any CPU
		{FE3D0C13-AE45-44F9-8561-4FF0D3682095}.Release|Any CPU.Build.0 = Release|Any CPU
		{27560EA1-458A-4AC6-8250-44B9E6812CB8}.Debug|Any CPU.ActiveCfg = Debug|Any CPU
		{27560EA1-458A-4AC6-8250-44B9E6812CB8}.Debug|Any CPU.Build.0 = Debug|Any CPU
		{27560EA1-458A-4AC6-8250-44B9E6812CB8}.Release|Any CPU.ActiveCfg = Release|Any CPU
		{27560EA1-458A-4AC6-8250-44B9E6812CB8}.Release|Any CPU.Build.0 = Release|Any CPU
	EndGlobalSection
EndGlobal
